
Microsoft Visual Studio Solution File, Format Version 12.00
# Visual Studio 15
VisualStudioVersion = 15.0.28307.1062
MinimumVisualStudioVersion = 10.0.40219.1
Project("{FAE04EC0-301F-11D3-BF4B-00C04F79EFBC}") = "UserRAL.Business", "UserRAL.Business\UserRAL.Business.csproj", "{6F348D5C-E05A-4163-B039-0A6D9F78919F}"
EndProject
Project("{FAE04EC0-301F-11D3-BF4B-00C04F79EFBC}") = "UserRAL.DataAccess", "UserRAL.DataAccess\UserRAL.DataAccess.csproj", "{86969218-07C4-44FF-B7EA-8B35D5236F1E}"
EndProject
Project("{FAE04EC0-301F-11D3-BF4B-00C04F79EFBC}") = "UserRAL.Entities", "UserRAL.Entities\UserRAL.Entities.csproj", "{2C5322FA-7635-48B6-A78F-FECFB03F0770}"
EndProject
Project("{FAE04EC0-301F-11D3-BF4B-00C04F79EFBC}") = "UserRAL.WepApi", "UserRAL.WepApi\UserRAL.WepApi.csproj", "{A6A07EF2-D7BB-4FD2-985C-E6E057750875}"
EndProject
Project("{FAE04EC0-301F-11D3-BF4B-00C04F79EFBC}") = "UserRAL.WindowsFormsUI", "UserRAL.WindowsFormsUI\UserRAL.WindowsFormsUI.csproj", "{18DB8775-0152-4D79-8F75-0B3EA5958A44}"
EndProject
Global
	GlobalSection(SolutionConfigurationPlatforms) = preSolution
		Debug|Any CPU = Debug|Any CPU
		Release|Any CPU = Release|Any CPU
	EndGlobalSection
	GlobalSection(ProjectConfigurationPlatforms) = postSolution
		{6F348D5C-E05A-4163-B039-0A6D9F78919F}.Debug|Any CPU.ActiveCfg = Debug|Any CPU
		{6F348D5C-E05A-4163-B039-0A6D9F78919F}.Debug|Any CPU.Build.0 = Debug|Any CPU
		{6F348D5C-E05A-4163-B039-0A6D9F78919F}.Release|Any CPU.ActiveCfg = Release|Any CPU
		{6F348D5C-E05A-4163-B039-0A6D9F78919F}.Release|Any CPU.Build.0 = Release|Any CPU
		{86969218-07C4-44FF-B7EA-8B35D5236F1E}.Debug|Any CPU.ActiveCfg = Debug|Any CPU
		{86969218-07C4-44FF-B7EA-8B35D5236F1E}.Debug|Any CPU.Build.0 = Debug|Any CPU
		{86969218-07C4-44FF-B7EA-8B35D5236F1E}.Release|Any CPU.ActiveCfg = Release|Any CPU
		{86969218-07C4-44FF-B7EA-8B35D5236F1E}.Release|Any CPU.Build.0 = Release|Any CPU
		{2C5322FA-7635-48B6-A78F-FECFB03F0770}.Debug|Any CPU.ActiveCfg = Debug|Any CPU
		{2C5322FA-7635-48B6-A78F-FECFB03F0770}.Debug|Any CPU.Build.0 = Debug|Any CPU
		{2C5322FA-7635-48B6-A78F-FECFB03F0770}.Release|Any CPU.ActiveCfg = Release|Any CPU
		{2C5322FA-7635-48B6-A78F-FECFB03F0770}.Release|Any CPU.Build.0 = Release|Any CPU
		{A6A07EF2-D7BB-4FD2-985C-E6E057750875}.Debug|Any CPU.ActiveCfg = Debug|Any CPU
		{A6A07EF2-D7BB-4FD2-985C-E6E057750875}.Debug|Any CPU.Build.0 = Debug|Any CPU
		{A6A07EF2-D7BB-4FD2-985C-E6E057750875}.Release|Any CPU.ActiveCfg = Release|Any CPU
		{A6A07EF2-D7BB-4FD2-985C-E6E057750875}.Release|Any CPU.Build.0 = Release|Any CPU
		{18DB8775-0152-4D79-8F75-0B3EA5958A44}.Debug|Any CPU.ActiveCfg = Debug|Any CPU
		{18DB8775-0152-4D79-8F75-0B3EA5958A44}.Debug|Any CPU.Build.0 = Debug|Any CPU
		{18DB8775-0152-4D79-8F75-0B3EA5958A44}.Release|Any CPU.ActiveCfg = Release|Any CPU
		{18DB8775-0152-4D79-8F75-0B3EA5958A44}.Release|Any CPU.Build.0 = Release|Any CPU
	EndGlobalSection
	GlobalSection(SolutionProperties) = preSolution
		HideSolutionNode = FALSE
	EndGlobalSection
	GlobalSection(ExtensibilityGlobals) = postSolution
		SolutionGuid = {F0A64B3F-DB58-4982-AADC-8EAD13587395}
	EndGlobalSection
EndGlobal
